{
  "version": 4,
  "terraform_version": "1.13.3",
  "serial": 7,
  "lineage": "8e2dd2a3-3586-b93d-6d61-f1ff76933198",
  "outputs": {},
  "resources": [
    {
      "module": "module.project",
      "mode": "managed",
      "type": "google_project_service",
      "name": "enabled_apis",
      "provider": "provider[\"registry.terraform.io/hashicorp/google\"]",
      "instances": [
        {
          "index_key": "artifactregistry.googleapis.com",
          "schema_version": 0,
          "attributes": {
            "disable_dependent_services": null,
            "disable_on_destroy": null,
            "id": "canvas-provider-472313-n5/artifactregistry.googleapis.com",
            "project": "canvas-provider-472313-n5",
            "service": "artifactregistry.googleapis.com",
            "timeouts": null
          },
          "sensitive_attributes": [],
          "identity_schema_version": 0,
          "private": "eyJlMmJmYjczMC1lY2FhLTExZTYtOGY4OC0zNDM2M2JjN2M0YzAiOnsiY3JlYXRlIjoxMjAwMDAwMDAwMDAwLCJkZWxldGUiOjEyMDAwMDAwMDAwMDAsInJlYWQiOjYwMDAwMDAwMDAwMCwidXBkYXRlIjoxMjAwMDAwMDAwMDAwfX0="
        }
      ]
    }
  ],
  "check_results": null
}
